
Microsoft Visual Studio Solution File, Format Version 12.00
# Visual Studio 15
VisualStudioVersion = 15.0.28307.271
MinimumVisualStudioVersion = 10.0.40219.1
Project("{9A19103F-16F7-4668-BE54-9A1E7A4F7556}") = "GamesClasificados", "GamesClasificados\GamesClasificados.csproj", "{14C3682E-1CB7-49EF-9879-634A1CD59779}"
EndProject
Project("{9A19103F-16F7-4668-BE54-9A1E7A4F7556}") = "WebJob-AdsMaintenance", "WebJob-AdsMaintenance\WebJob-AdsMaintenance.csproj", "{B988DEA7-E566-48A4-B4DB-57F94B715554}"
EndProject
Global
	GlobalSection(SolutionConfigurationPlatforms) = preSolution
		Debug|Any CPU = Debug|Any CPU
		Release|Any CPU = Release|Any CPU
	EndGlobalSection
	GlobalSection(ProjectConfigurationPlatforms) = postSolution
		{14C3682E-1CB7-49EF-9879-634A1CD59779}.Debug|Any CPU.ActiveCfg = Debug|Any CPU
		{14C3682E-1CB7-49EF-9879-634A1CD59779}.Debug|Any CPU.Build.0 = Debug|Any CPU
		{14C3682E-1CB7-49EF-9879-634A1CD59779}.Release|Any CPU.ActiveCfg = Release|Any CPU
		{14C3682E-1CB7-49EF-9879-634A1CD59779}.Release|Any CPU.Build.0 = Release|Any CPU
		{B988DEA7-E566-48A4-B4DB-57F94B715554}.Debug|Any CPU.ActiveCfg = Debug|Any CPU
		{B988DEA7-E566-48A4-B4DB-57F94B715554}.Debug|Any CPU.Build.0 = Debug|Any CPU
		{B988DEA7-E566-48A4-B4DB-57F94B715554}.Release|Any CPU.ActiveCfg = Release|Any CPU
		{B988DEA7-E566-48A4-B4DB-57F94B715554}.Release|Any CPU.Build.0 = Release|Any CPU
	EndGlobalSection
	GlobalSection(SolutionProperties) = preSolution
		HideSolutionNode = FALSE
	EndGlobalSection
	GlobalSection(ExtensibilityGlobals) = postSolution
		SolutionGuid = {0F00DA13-2BA0-40C3-9172-F1EFED76E101}
	EndGlobalSection
EndGlobal
